
Microsoft Visual Studio Solution File, Format Version 12.00
# Visual Studio 15
VisualStudioVersion = 15.0.37506.8
MinimumVisualStudioVersion = 10.0.40219.1
Project("{FAE04EC0-301F-11D3-BF4B-00C04F79EFBC}") = "HRMS-API", "HRMS-API\HRMS-API.csproj", "{FEEEBA8A-DC00-40F2-8E81-0AA17FB0DA1C}"
EndProject
Project("{FAE04EC0-301F-11D3-BF4B-00C04F79EFBC}") = "HRMSModel", "HRModel\HRMSModel.csproj", "{477B820B-6B2F-4057-9046-81A1B4D0B48E}"
EndProject
Project("{FAE04EC0-301F-11D3-BF4B-00C04F79EFBC}") = "HRMS.DB", "HRMS.DB\HRMS.DB.csproj", "{72932359-C7F8-4CB6-8BE2-D1FF2B2E6CD4}"
EndProject
Global
	GlobalSection(SolutionConfigurationPlatforms) = preSolution
		Debug|Any CPU = Debug|Any CPU
		Release|Any CPU = Release|Any CPU
	EndGlobalSection
	GlobalSection(ProjectConfigurationPlatforms) = postSolution
		{FEEEBA8A-DC00-40F2-8E81-0AA17FB0DA1C}.Debug|Any CPU.ActiveCfg = Debug|Any CPU
		{FEEEBA8A-DC00-40F2-8E81-0AA17FB0DA1C}.Debug|Any CPU.Build.0 = Debug|Any CPU
		{FEEEBA8A-DC00-40F2-8E81-0AA17FB0DA1C}.Release|Any CPU.ActiveCfg = Release|Any CPU
		{FEEEBA8A-DC00-40F2-8E81-0AA17FB0DA1C}.Release|Any CPU.Build.0 = Release|Any CPU
		{477B820B-6B2F-4057-9046-81A1B4D0B48E}.Debug|Any CPU.ActiveCfg = Debug|Any CPU
		{477B820B-6B2F-4057-9046-81A1B4D0B48E}.Debug|Any CPU.Build.0 = Debug|Any CPU
		{477B820B-6B2F-4057-9046-81A1B4D0B48E}.Release|Any CPU.ActiveCfg = Release|Any CPU
		{477B820B-6B2F-4057-9046-81A1B4D0B48E}.Release|Any CPU.Build.0 = Release|Any CPU
		{72932359-C7F8-4CB6-8BE2-D1FF2B2E6CD4}.Debug|Any CPU.ActiveCfg = Debug|Any CPU
		{72932359-C7F8-4CB6-8BE2-D1FF2B2E6CD4}.Debug|Any CPU.Build.0 = Debug|Any CPU
		{72932359-C7F8-4CB6-8BE2-D1FF2B2E6CD4}.Release|Any CPU.ActiveCfg = Release|Any CPU
		{72932359-C7F8-4CB6-8BE2-D1FF2B2E6CD4}.Release|Any CPU.Build.0 = Release|Any CPU
	EndGlobalSection
	GlobalSection(SolutionProperties) = preSolution
		HideSolutionNode = FALSE
	EndGlobalSection
	GlobalSection(ExtensibilityGlobals) = postSolution
		SolutionGuid = {44EF2D7C-D960-4C9B-A332-8495FA39E804}
	EndGlobalSection
EndGlobal
